
Microsoft Visual Studio Solution File, Format Version 12.00
# Visual Studio Version 16
VisualStudioVersion = 16.0.30523.141
MinimumVisualStudioVersion = 10.0.40219.1
Project("{8BC9CEB8-8B4A-11D0-8D11-00A0C91BC942}") = "Lab 3.2", "Lab 3.2.vcxproj", "{EEFFE9C3-E61B-43DC-BB71-940A97608001}"
EndProject
Global
	GlobalSection(SolutionConfigurationPlatforms) = preSolution
		Debug|x64 = Debug|x64
		Debug|x86 = Debug|x86
		Release|x64 = Release|x64
		Release|x86 = Release|x86
	EndGlobalSection
	GlobalSection(ProjectConfigurationPlatforms) = postSolution
		{EEFFE9C3-E61B-43DC-BB71-940A97608001}.Debug|x64.ActiveCfg = Debug|x64
		{EEFFE9C3-E61B-43DC-BB71-940A97608001}.Debug|x64.Build.0 = Debug|x64
		{EEFFE9C3-E61B-43DC-BB71-940A97608001}.Debug|x86.ActiveCfg = Debug|Win32
		{EEFFE9C3-E61B-43DC-BB71-940A97608001}.Debug|x86.Build.0 = Debug|Win32
		{EEFFE9C3-E61B-43DC-BB71-940A97608001}.Release|x64.ActiveCfg = Release|x64
		{EEFFE9C3-E61B-43DC-BB71-940A97608001}.Release|x64.Build.0 = Release|x64
		{EEFFE9C3-E61B-43DC-BB71-940A97608001}.Release|x86.ActiveCfg = Release|Win32
		{EEFFE9C3-E61B-43DC-BB71-940A97608001}.Release|x86.Build.0 = Release|Win32
	EndGlobalSection
	GlobalSection(SolutionProperties) = preSolution
		HideSolutionNode = FALSE
	EndGlobalSection
	GlobalSection(ExtensibilityGlobals) = postSolution
		SolutionGuid = {D067C510-A9E7-4482-B34A-ADBC9B7B3CDE}
	EndGlobalSection
EndGlobal
